
Microsoft Visual Studio Solution File, Format Version 11.00
# Visual Studio 2010
Project("{8BC9CEB8-8B4A-11D0-8D11-00A0C91BC942}") = "GLTESTNEW", "GLTESTNEW\GLTESTNEW.vcxproj", "{623E4F28-195E-4900-BBFD-B7A657B85788}"
EndProject
Project("{8BC9CEB8-8B4A-11D0-8D11-00A0C91BC942}") = "PlanarFourBar", "PlanarFourBar\PlanarFourBar.vcxproj", "{592DDFC6-4458-4423-86EC-2C7C6543B992}"
EndProject
Project("{8BC9CEB8-8B4A-11D0-8D11-00A0C91BC942}") = "Link", "Link\Link.vcxproj", "{2AB3026B-696C-49ED-87F2-194595D76D3B}"
EndProject
Project("{8BC9CEB8-8B4A-11D0-8D11-00A0C91BC942}") = "Point2D", "Point2D\Point2D.vcxproj", "{A9A6B2D1-A23D-4C75-A566-216366F5CDAC}"
EndProject
Project("{8BC9CEB8-8B4A-11D0-8D11-00A0C91BC942}") = "Coupler", "Coupler\Coupler.vcxproj", "{0A333078-6117-458A-A8A1-56A8E06A4C7D}"
EndProject
Project("{8BC9CEB8-8B4A-11D0-8D11-00A0C91BC942}") = "BSplineTweak", "BSplineTweak\BSplineTweak.vcxproj", "{74BB8EEB-25AE-4FB0-B460-0E38C1771264}"
EndProject
Project("{8BC9CEB8-8B4A-11D0-8D11-00A0C91BC942}") = "CurveComparison", "CurveComparison\CurveComparison.vcxproj", "{37E93E29-09C6-4C3F-A98D-74369A78AEDE}"
EndProject
Project("{8BC9CEB8-8B4A-11D0-8D11-00A0C91BC942}") = "FFT", "FFT\FFT.vcxproj", "{6F1F0178-46BF-41E6-8EF4-AE1CA4CCE6A6}"
EndProject
Project("{8BC9CEB8-8B4A-11D0-8D11-00A0C91BC942}") = "Complex", "Complex\Complex.vcxproj", "{735CF65C-827C-4A78-8448-184C7FDDF115}"
EndProject
Global
	GlobalSection(SolutionConfigurationPlatforms) = preSolution
		Debug|Any CPU = Debug|Any CPU
		Debug|Mixed Platforms = Debug|Mixed Platforms
		Debug|Win32 = Debug|Win32
		Debug|x64 = Debug|x64
		Release|Any CPU = Release|Any CPU
		Release|Mixed Platforms = Release|Mixed Platforms
		Release|Win32 = Release|Win32
		Release|x64 = Release|x64
		Static-Debug|Any CPU = Static-Debug|Any CPU
		Static-Debug|Mixed Platforms = Static-Debug|Mixed Platforms
		Static-Debug|Win32 = Static-Debug|Win32
		Static-Debug|x64 = Static-Debug|x64
		Static-Release|Any CPU = Static-Release|Any CPU
		Static-Release|Mixed Platforms = Static-Release|Mixed Platforms
		Static-Release|Win32 = Static-Release|Win32
		Static-Release|x64 = Static-Release|x64
	EndGlobalSection
	GlobalSection(ProjectConfigurationPlatforms) = postSolution
		{623E4F28-195E-4900-BBFD-B7A657B85788}.Debug|Any CPU.ActiveCfg = Debug|Win32
		{623E4F28-195E-4900-BBFD-B7A657B85788}.Debug|Mixed Platforms.ActiveCfg = Debug|Win32
		{623E4F28-195E-4900-BBFD-B7A657B85788}.Debug|Mixed Platforms.Build.0 = Debug|Win32
		{623E4F28-195E-4900-BBFD-B7A657B85788}.Debug|Win32.ActiveCfg = Debug|Win32
		{623E4F28-195E-4900-BBFD-B7A657B85788}.Debug|Win32.Build.0 = Debug|Win32
		{623E4F28-195E-4900-BBFD-B7A657B85788}.Debug|x64.ActiveCfg = Debug|Win32
		{623E4F28-195E-4900-BBFD-B7A657B85788}.Release|Any CPU.ActiveCfg = Release|Win32
		{623E4F28-195E-4900-BBFD-B7A657B85788}.Release|Mixed Platforms.ActiveCfg = Release|Win32
		{623E4F28-195E-4900-BBFD-B7A657B85788}.Release|Mixed Platforms.Build.0 = Release|Win32
		{623E4F28-195E-4900-BBFD-B7A657B85788}.Release|Win32.ActiveCfg = Release|Win32
		{623E4F28-195E-4900-BBFD-B7A657B85788}.Release|Win32.Build.0 = Release|Win32
		{623E4F28-195E-4900-BBFD-B7A657B85788}.Release|x64.ActiveCfg = Release|Win32
		{623E4F28-195E-4900-BBFD-B7A657B85788}.Static-Debug|Any CPU.ActiveCfg = Debug|Win32
		{623E4F28-195E-4900-BBFD-B7A657B85788}.Static-Debug|Mixed Platforms.ActiveCfg = Debug|Win32
		{623E4F28-195E-4900-BBFD-B7A657B85788}.Static-Debug|Mixed Platforms.Build.0 = Debug|Win32
		{623E4F28-195E-4900-BBFD-B7A657B85788}.Static-Debug|Win32.ActiveCfg = Debug|Win32
		{623E4F28-195E-4900-BBFD-B7A657B85788}.Static-Debug|Win32.Build.0 = Debug|Win32
		{623E4F28-195E-4900-BBFD-B7A657B85788}.Static-Debug|x64.ActiveCfg = Debug|Win32
		{623E4F28-195E-4900-BBFD-B7A657B85788}.Static-Release|Any CPU.ActiveCfg = Release|Win32
		{623E4F28-195E-4900-BBFD-B7A657B85788}.Static-Release|Mixed Platforms.ActiveCfg = Release|Win32
		{623E4F28-195E-4900-BBFD-B7A657B85788}.Static-Release|Mixed Platforms.Build.0 = Release|Win32
		{623E4F28-195E-4900-BBFD-B7A657B85788}.Static-Release|Win32.ActiveCfg = Release|Win32
		{623E4F28-195E-4900-BBFD-B7A657B85788}.Static-Release|Win32.Build.0 = Release|Win32
		{623E4F28-195E-4900-BBFD-B7A657B85788}.Static-Release|x64.ActiveCfg = Release|Win32
		{592DDFC6-4458-4423-86EC-2C7C6543B992}.Debug|Any CPU.ActiveCfg = Debug|Win32
		{592DDFC6-4458-4423-86EC-2C7C6543B992}.Debug|Mixed Platforms.ActiveCfg = Debug|Win32
		{592DDFC6-4458-4423-86EC-2C7C6543B992}.Debug|Mixed Platforms.Build.0 = Debug|Win32
		{592DDFC6-4458-4423-86EC-2C7C6543B992}.Debug|Win32.ActiveCfg = Debug|Win32
		{592DDFC6-4458-4423-86EC-2C7C6543B992}.Debug|Win32.Build.0 = Debug|Win32
		{592DDFC6-4458-4423-86EC-2C7C6543B992}.Debug|x64.ActiveCfg = Debug|Win32
		{592DDFC6-4458-4423-86EC-2C7C6543B992}.Release|Any CPU.ActiveCfg = Release|Win32
		{592DDFC6-4458-4423-86EC-2C7C6543B992}.Release|Mixed Platforms.ActiveCfg = Release|Win32
		{592DDFC6-4458-4423-86EC-2C7C6543B992}.Release|Mixed Platforms.Build.0 = Release|Win32
		{592DDFC6-4458-4423-86EC-2C7C6543B992}.Release|Win32.ActiveCfg = Release|Win32
		{592DDFC6-4458-4423-86EC-2C7C6543B992}.Release|Win32.Build.0 = Release|Win32
		{592DDFC6-4458-4423-86EC-2C7C6543B992}.Release|x64.ActiveCfg = Release|Win32
		{592DDFC6-4458-4423-86EC-2C7C6543B992}.Static-Debug|Any CPU.ActiveCfg = Debug|Win32
		{592DDFC6-4458-4423-86EC-2C7C6543B992}.Static-Debug|Mixed Platforms.ActiveCfg = Debug|Win32
		{592DDFC6-4458-4423-86EC-2C7C6543B992}.Static-Debug|Mixed Platforms.Build.0 = Debug|Win32
		{592DDFC6-4458-4423-86EC-2C7C6543B992}.Static-Debug|Win32.ActiveCfg = Debug|Win32
		{592DDFC6-4458-4423-86EC-2C7C6543B992}.Static-Debug|Win32.Build.0 = Debug|Win32
		{592DDFC6-4458-4423-86EC-2C7C6543B992}.Static-Debug|x64.ActiveCfg = Debug|Win32
		{592DDFC6-4458-4423-86EC-2C7C6543B992}.Static-Release|Any CPU.ActiveCfg = Release|Win32
		{592DDFC6-4458-4423-86EC-2C7C6543B992}.Static-Release|Mixed Platforms.ActiveCfg = Release|Win32
		{592DDFC6-4458-4423-86EC-2C7C6543B992}.Static-Release|Mixed Platforms.Build.0 = Release|Win32
		{592DDFC6-4458-4423-86EC-2C7C6543B992}.Static-Release|Win32.ActiveCfg = Release|Win32
		{592DDFC6-4458-4423-86EC-2C7C6543B992}.Static-Release|Win32.Build.0 = Release|Win32
		{592DDFC6-4458-4423-86EC-2C7C6543B992}.Static-Release|x64.ActiveCfg = Release|Win32
		{2AB3026B-696C-49ED-87F2-194595D76D3B}.Debug|Any CPU.ActiveCfg = Debug|Win32
		{2AB3026B-696C-49ED-87F2-194595D76D3B}.Debug|Mixed Platforms.ActiveCfg = Debug|Win32
		{2AB3026B-696C-49ED-87F2-194595D76D3B}.Debug|Mixed Platforms.Build.0 = Debug|Win32
		{2AB3026B-696C-49ED-87F2-194595D76D3B}.Debug|Win32.ActiveCfg = Debug|Win32
		{2AB3026B-696C-49ED-87F2-194595D76D3B}.Debug|Win32.Build.0 = Debug|Win32
		{2AB3026B-696C-49ED-87F2-194595D76D3B}.Debug|x64.ActiveCfg = Debug|Win32
		{2AB3026B-696C-49ED-87F2-194595D76D3B}.Release|Any CPU.ActiveCfg = Release|Win32
		{2AB3026B-696C-49ED-87F2-194595D76D3B}.Release|Mixed Platforms.ActiveCfg = Release|Win32
		{2AB3026B-696C-49ED-87F2-194595D76D3B}.Release|Mixed Platforms.Build.0 = Release|Win32
		{2AB3026B-696C-49ED-87F2-194595D76D3B}.Release|Win32.ActiveCfg = Release|Win32
		{2AB3026B-696C-49ED-87F2-194595D76D3B}.Release|Win32.Build.0 = Release|Win32
		{2AB3026B-696C-49ED-87F2-194595D76D3B}.Release|x64.ActiveCfg = Release|Win32
		{2AB3026B-696C-49ED-87F2-194595D76D3B}.Static-Debug|Any CPU.ActiveCfg = Debug|Win32
		{2AB3026B-696C-49ED-87F2-194595D76D3B}.Static-Debug|Mixed Platforms.ActiveCfg = Debug|Win32
		{2AB3026B-696C-49ED-87F2-194595D76D3B}.Static-Debug|Mixed Platforms.Build.0 = Debug|Win32
		{2AB3026B-696C-49ED-87F2-194595D76D3B}.Static-Debug|Win32.ActiveCfg = Debug|Win32
		{2AB3026B-696C-49ED-87F2-194595D76D3B}.Static-Debug|Win32.Build.0 = Debug|Win32
		{2AB3026B-696C-49ED-87F2-194595D76D3B}.Static-Debug|x64.ActiveCfg = Debug|Win32
		{2AB3026B-696C-49ED-87F2-194595D76D3B}.Static-Release|Any CPU.ActiveCfg = Release|Win32
		{2AB3026B-696C-49ED-87F2-194595D76D3B}.Static-Release|Mixed Platforms.ActiveCfg = Release|Win32
		{2AB3026B-696C-49ED-87F2-194595D76D3B}.Static-Release|Mixed Platforms.Build.0 = Release|Win32
		{2AB3026B-696C-49ED-87F2-194595D76D3B}.Static-Release|Win32.ActiveCfg = Release|Win32
		{2AB3026B-696C-49ED-87F2-194595D76D3B}.Static-Release|Win32.Build.0 = Release|Win32
		{2AB3026B-696C-49ED-87F2-194595D76D3B}.Static-Release|x64.ActiveCfg = Release|Win32
		{A9A6B2D1-A23D-4C75-A566-216366F5CDAC}.Debug|Any CPU.ActiveCfg = Debug|Win32
		{A9A6B2D1-A23D-4C75-A566-216366F5CDAC}.Debug|Mixed Platforms.ActiveCfg = Debug|Win32
		{A9A6B2D1-A23D-4C75-A566-216366F5CDAC}.Debug|Mixed Platforms.Build.0 = Debug|Win32
		{A9A6B2D1-A23D-4C75-A566-216366F5CDAC}.Debug|Win32.ActiveCfg = Debug|Win32
		{A9A6B2D1-A23D-4C75-A566-216366F5CDAC}.Debug|Win32.Build.0 = Debug|Win32
		{A9A6B2D1-A23D-4C75-A566-216366F5CDAC}.Debug|x64.ActiveCfg = Debug|Win32
		{A9A6B2D1-A23D-4C75-A566-216366F5CDAC}.Release|Any CPU.ActiveCfg = Release|Win32
		{A9A6B2D1-A23D-4C75-A566-216366F5CDAC}.Release|Mixed Platforms.ActiveCfg = Release|Win32
		{A9A6B2D1-A23D-4C75-A566-216366F5CDAC}.Release|Mixed Platforms.Build.0 = Release|Win32
		{A9A6B2D1-A23D-4C75-A566-216366F5CDAC}.Release|Win32.ActiveCfg = Release|Win32
		{A9A6B2D1-A23D-4C75-A566-216366F5CDAC}.Release|Win32.Build.0 = Release|Win32
		{A9A6B2D1-A23D-4C75-A566-216366F5CDAC}.Release|x64.ActiveCfg = Release|Win32
		{A9A6B2D1-A23D-4C75-A566-216366F5CDAC}.Static-Debug|Any CPU.ActiveCfg = Debug|Win32
		{A9A6B2D1-A23D-4C75-A566-216366F5CDAC}.Static-Debug|Mixed Platforms.ActiveCfg = Debug|Win32
		{A9A6B2D1-A23D-4C75-A566-216366F5CDAC}.Static-Debug|Mixed Platforms.Build.0 = Debug|Win32
		{A9A6B2D1-A23D-4C75-A566-216366F5CDAC}.Static-Debug|Win32.ActiveCfg = Debug|Win32
		{A9A6B2D1-A23D-4C75-A566-216366F5CDAC}.Static-Debug|Win32.Build.0 = Debug|Win32
		{A9A6B2D1-A23D-4C75-A566-216366F5CDAC}.Static-Debug|x64.ActiveCfg = Debug|Win32
		{A9A6B2D1-A23D-4C75-A566-216366F5CDAC}.Static-Release|Any CPU.ActiveCfg = Release|Win32
		{A9A6B2D1-A23D-4C75-A566-216366F5CDAC}.Static-Release|Mixed Platforms.ActiveCfg = Release|Win32
		{A9A6B2D1-A23D-4C75-A566-216366F5CDAC}.Static-Release|Mixed Platforms.Build.0 = Release|Win32
		{A9A6B2D1-A23D-4C75-A566-216366F5CDAC}.Static-Release|Win32.ActiveCfg = Release|Win32
		{A9A6B2D1-A23D-4C75-A566-216366F5CDAC}.Static-Release|Win32.Build.0 = Release|Win32
		{A9A6B2D1-A23D-4C75-A566-216366F5CDAC}.Static-Release|x64.ActiveCfg = Release|Win32
		{0A333078-6117-458A-A8A1-56A8E06A4C7D}.Debug|Any CPU.ActiveCfg = Debug|Win32
		{0A333078-6117-458A-A8A1-56A8E06A4C7D}.Debug|Mixed Platforms.ActiveCfg = Debug|Win32
		{0A333078-6117-458A-A8A1-56A8E06A4C7D}.Debug|Mixed Platforms.Build.0 = Debug|Win32
		{0A333078-6117-458A-A8A1-56A8E06A4C7D}.Debug|Win32.ActiveCfg = Debug|Win32
		{0A333078-6117-458A-A8A1-56A8E06A4C7D}.Debug|Win32.Build.0 = Debug|Win32
		{0A333078-6117-458A-A8A1-56A8E06A4C7D}.Debug|x64.ActiveCfg = Debug|Win32
		{0A333078-6117-458A-A8A1-56A8E06A4C7D}.Release|Any CPU.ActiveCfg = Release|Win32
		{0A333078-6117-458A-A8A1-56A8E06A4C7D}.Release|Mixed Platforms.ActiveCfg = Release|Win32
		{0A333078-6117-458A-A8A1-56A8E06A4C7D}.Release|Mixed Platforms.Build.0 = Release|Win32
		{0A333078-6117-458A-A8A1-56A8E06A4C7D}.Release|Win32.ActiveCfg = Release|Win32
		{0A333078-6117-458A-A8A1-56A8E06A4C7D}.Release|Win32.Build.0 = Release|Win32
		{0A333078-6117-458A-A8A1-56A8E06A4C7D}.Release|x64.ActiveCfg = Release|Win32
		{0A333078-6117-458A-A8A1-56A8E06A4C7D}.Static-Debug|Any CPU.ActiveCfg = Debug|Win32
		{0A333078-6117-458A-A8A1-56A8E06A4C7D}.Static-Debug|Mixed Platforms.ActiveCfg = Debug|Win32
		{0A333078-6117-458A-A8A1-56A8E06A4C7D}.Static-Debug|Mixed Platforms.Build.0 = Debug|Win32
		{0A333078-6117-458A-A8A1-56A8E06A4C7D}.Static-Debug|Win32.ActiveCfg = Debug|Win32
		{0A333078-6117-458A-A8A1-56A8E06A4C7D}.Static-Debug|Win32.Build.0 = Debug|Win32
		{0A333078-6117-458A-A8A1-56A8E06A4C7D}.Static-Debug|x64.ActiveCfg = Debug|Win32
		{0A333078-6117-458A-A8A1-56A8E06A4C7D}.Static-Release|Any CPU.ActiveCfg = Release|Win32
		{0A333078-6117-458A-A8A1-56A8E06A4C7D}.Static-Release|Mixed Platforms.ActiveCfg = Release|Win32
		{0A333078-6117-458A-A8A1-56A8E06A4C7D}.Static-Release|Mixed Platforms.Build.0 = Release|Win32
		{0A333078-6117-458A-A8A1-56A8E06A4C7D}.Static-Release|Win32.ActiveCfg = Release|Win32
		{0A333078-6117-458A-A8A1-56A8E06A4C7D}.Static-Release|Win32.Build.0 = Release|Win32
		{0A333078-6117-458A-A8A1-56A8E06A4C7D}.Static-Release|x64.ActiveCfg = Release|Win32
		{74BB8EEB-25AE-4FB0-B460-0E38C1771264}.Debug|Any CPU.ActiveCfg = Debug|Win32
		{74BB8EEB-25AE-4FB0-B460-0E38C1771264}.Debug|Mixed Platforms.ActiveCfg = Debug|Win32
		{74BB8EEB-25AE-4FB0-B460-0E38C1771264}.Debug|Mixed Platforms.Build.0 = Debug|Win32
		{74BB8EEB-25AE-4FB0-B460-0E38C1771264}.Debug|Win32.ActiveCfg = Debug|Win32
		{74BB8EEB-25AE-4FB0-B460-0E38C1771264}.Debug|Win32.Build.0 = Debug|Win32
		{74BB8EEB-25AE-4FB0-B460-0E38C1771264}.Debug|x64.ActiveCfg = Debug|Win32
		{74BB8EEB-25AE-4FB0-B460-0E38C1771264}.Release|Any CPU.ActiveCfg = Release|Win32
		{74BB8EEB-25AE-4FB0-B460-0E38C1771264}.Release|Mixed Platforms.ActiveCfg = Release|Win32
		{74BB8EEB-25AE-4FB0-B460-0E38C1771264}.Release|Mixed Platforms.Build.0 = Release|Win32
		{74BB8EEB-25AE-4FB0-B460-0E38C1771264}.Release|Win32.ActiveCfg = Release|Win32
		{74BB8EEB-25AE-4FB0-B460-0E38C1771264}.Release|Win32.Build.0 = Release|Win32
		{74BB8EEB-25AE-4FB0-B460-0E38C1771264}.Release|x64.ActiveCfg = Release|Win32
		{74BB8EEB-25AE-4FB0-B460-0E38C1771264}.Static-Debug|Any CPU.ActiveCfg = Debug|Win32
		{74BB8EEB-25AE-4FB0-B460-0E38C1771264}.Static-Debug|Mixed Platforms.ActiveCfg = Debug|Win32
		{74BB8EEB-25AE-4FB0-B460-0E38C1771264}.Static-Debug|Mixed Platforms.Build.0 = Debug|Win32
		{74BB8EEB-25AE-4FB0-B460-0E38C1771264}.Static-Debug|Win32.ActiveCfg = Debug|Win32
		{74BB8EEB-25AE-4FB0-B460-0E38C1771264}.Static-Debug|Win32.Build.0 = Debug|Win32
		{74BB8EEB-25AE-4FB0-B460-0E38C1771264}.Static-Debug|x64.ActiveCfg = Debug|Win32
		{74BB8EEB-25AE-4FB0-B460-0E38C1771264}.Static-Release|Any CPU.ActiveCfg = Release|Win32
		{74BB8EEB-25AE-4FB0-B460-0E38C1771264}.Static-Release|Mixed Platforms.ActiveCfg = Release|Win32
		{74BB8EEB-25AE-4FB0-B460-0E38C1771264}.Static-Release|Mixed Platforms.Build.0 = Release|Win32
		{74BB8EEB-25AE-4FB0-B460-0E38C1771264}.Static-Release|Win32.ActiveCfg = Release|Win32
		{74BB8EEB-25AE-4FB0-B460-0E38C1771264}.Static-Release|Win32.Build.0 = Release|Win32
		{74BB8EEB-25AE-4FB0-B460-0E38C1771264}.Static-Release|x64.ActiveCfg = Release|Win32
		{37E93E29-09C6-4C3F-A98D-74369A78AEDE}.Debug|Any CPU.ActiveCfg = Debug|Win32
		{37E93E29-09C6-4C3F-A98D-74369A78AEDE}.Debug|Mixed Platforms.ActiveCfg = Debug|Win32
		{37E93E29-09C6-4C3F-A98D-74369A78AEDE}.Debug|Mixed Platforms.Build.0 = Debug|Win32
		{37E93E29-09C6-4C3F-A98D-74369A78AEDE}.Debug|Win32.ActiveCfg = Debug|Win32
		{37E93E29-09C6-4C3F-A98D-74369A78AEDE}.Debug|Win32.Build.0 = Debug|Win32
		{37E93E29-09C6-4C3F-A98D-74369A78AEDE}.Debug|x64.ActiveCfg = Debug|Win32
		{37E93E29-09C6-4C3F-A98D-74369A78AEDE}.Release|Any CPU.ActiveCfg = Release|Win32
		{37E93E29-09C6-4C3F-A98D-74369A78AEDE}.Release|Mixed Platforms.ActiveCfg = Release|Win32
		{37E93E29-09C6-4C3F-A98D-74369A78AEDE}.Release|Mixed Platforms.Build.0 = Release|Win32
		{37E93E29-09C6-4C3F-A98D-74369A78AEDE}.Release|Win32.ActiveCfg = Release|Win32
		{37E93E29-09C6-4C3F-A98D-74369A78AEDE}.Release|Win32.Build.0 = Release|Win32
		{37E93E29-09C6-4C3F-A98D-74369A78AEDE}.Release|x64.ActiveCfg = Release|Win32
		{37E93E29-09C6-4C3F-A98D-74369A78AEDE}.Static-Debug|Any CPU.ActiveCfg = Debug|Win32
		{37E93E29-09C6-4C3F-A98D-74369A78AEDE}.Static-Debug|Mixed Platforms.ActiveCfg = Debug|Win32
		{37E93E29-09C6-4C3F-A98D-74369A78AEDE}.Static-Debug|Mixed Platforms.Build.0 = Debug|Win32
		{37E93E29-09C6-4C3F-A98D-74369A78AEDE}.Static-Debug|Win32.ActiveCfg = Debug|Win32
		{37E93E29-09C6-4C3F-A98D-74369A78AEDE}.Static-Debug|Win32.Build.0 = Debug|Win32
		{37E93E29-09C6-4C3F-A98D-74369A78AEDE}.Static-Debug|x64.ActiveCfg = Debug|Win32
		{37E93E29-09C6-4C3F-A98D-74369A78AEDE}.Static-Release|Any CPU.ActiveCfg = Release|Win32
		{37E93E29-09C6-4C3F-A98D-74369A78AEDE}.Static-Release|Mixed Platforms.ActiveCfg = Release|Win32
		{37E93E29-09C6-4C3F-A98D-74369A78AEDE}.Static-Release|Mixed Platforms.Build.0 = Release|Win32
		{37E93E29-09C6-4C3F-A98D-74369A78AEDE}.Static-Release|Win32.ActiveCfg = Release|Win32
		{37E93E29-09C6-4C3F-A98D-74369A78AEDE}.Static-Release|Win32.Build.0 = Release|Win32
		{37E93E29-09C6-4C3F-A98D-74369A78AEDE}.Static-Release|x64.ActiveCfg = Release|Win32
		{6F1F0178-46BF-41E6-8EF4-AE1CA4CCE6A6}.Debug|Any CPU.ActiveCfg = Debug|Win32
		{6F1F0178-46BF-41E6-8EF4-AE1CA4CCE6A6}.Debug|Mixed Platforms.ActiveCfg = Debug|Win32
		{6F1F0178-46BF-41E6-8EF4-AE1CA4CCE6A6}.Debug|Mixed Platforms.Build.0 = Debug|Win32
		{6F1F0178-46BF-41E6-8EF4-AE1CA4CCE6A6}.Debug|Win32.ActiveCfg = Debug|Win32
		{6F1F0178-46BF-41E6-8EF4-AE1CA4CCE6A6}.Debug|Win32.Build.0 = Debug|Win32
		{6F1F0178-46BF-41E6-8EF4-AE1CA4CCE6A6}.Debug|x64.ActiveCfg = Debug|Win32
		{6F1F0178-46BF-41E6-8EF4-AE1CA4CCE6A6}.Release|Any CPU.ActiveCfg = Release|Win32
		{6F1F0178-46BF-41E6-8EF4-AE1CA4CCE6A6}.Release|Mixed Platforms.ActiveCfg = Release|Win32
		{6F1F0178-46BF-41E6-8EF4-AE1CA4CCE6A6}.Release|Mixed Platforms.Build.0 = Release|Win32
		{6F1F0178-46BF-41E6-8EF4-AE1CA4CCE6A6}.Release|Win32.ActiveCfg = Release|Win32
		{6F1F0178-46BF-41E6-8EF4-AE1CA4CCE6A6}.Release|Win32.Build.0 = Release|Win32
		{6F1F0178-46BF-41E6-8EF4-AE1CA4CCE6A6}.Release|x64.ActiveCfg = Release|Win32
		{6F1F0178-46BF-41E6-8EF4-AE1CA4CCE6A6}.Static-Debug|Any CPU.ActiveCfg = Debug|Win32
		{6F1F0178-46BF-41E6-8EF4-AE1CA4CCE6A6}.Static-Debug|Mixed Platforms.ActiveCfg = Debug|Win32
		{6F1F0178-46BF-41E6-8EF4-AE1CA4CCE6A6}.Static-Debug|Mixed Platforms.Build.0 = Debug|Win32
		{6F1F0178-46BF-41E6-8EF4-AE1CA4CCE6A6}.Static-Debug|Win32.ActiveCfg = Debug|Win32
		{6F1F0178-46BF-41E6-8EF4-AE1CA4CCE6A6}.Static-Debug|Win32.Build.0 = Debug|Win32
		{6F1F0178-46BF-41E6-8EF4-AE1CA4CCE6A6}.Static-Debug|x64.ActiveCfg = Debug|Win32
		{6F1F0178-46BF-41E6-8EF4-AE1CA4CCE6A6}.Static-Release|Any CPU.ActiveCfg = Release|Win32
		{6F1F0178-46BF-41E6-8EF4-AE1CA4CCE6A6}.Static-Release|Mixed Platforms.ActiveCfg = Release|Win32
		{6F1F0178-46BF-41E6-8EF4-AE1CA4CCE6A6}.Static-Release|Mixed Platforms.Build.0 = Release|Win32
		{6F1F0178-46BF-41E6-8EF4-AE1CA4CCE6A6}.Static-Release|Win32.ActiveCfg = Release|Win32
		{6F1F0178-46BF-41E6-8EF4-AE1CA4CCE6A6}.Static-Release|Win32.Build.0 = Release|Win32
		{6F1F0178-46BF-41E6-8EF4-AE1CA4CCE6A6}.Static-Release|x64.ActiveCfg = Release|Win32
		{735CF65C-827C-4A78-8448-184C7FDDF115}.Debug|Any CPU.ActiveCfg = Debug|Win32
		{735CF65C-827C-4A78-8448-184C7FDDF115}.Debug|Mixed Platforms.ActiveCfg = Debug|Win32
		{735CF65C-827C-4A78-8448-184C7FDDF115}.Debug|Mixed Platforms.Build.0 = Debug|Win32
		{735CF65C-827C-4A78-8448-184C7FDDF115}.Debug|Win32.ActiveCfg = Debug|Win32
		{735CF65C-827C-4A78-8448-184C7FDDF115}.Debug|Win32.Build.0 = Debug|Win32
		{735CF65C-827C-4A78-8448-184C7FDDF115}.Debug|x64.ActiveCfg = Debug|Win32
		{735CF65C-827C-4A78-8448-184C7FDDF115}.Release|Any CPU.ActiveCfg = Release|Win32
		{735CF65C-827C-4A78-8448-184C7FDDF115}.Release|Mixed Platforms.ActiveCfg = Release|Win32
		{735CF65C-827C-4A78-8448-184C7FDDF115}.Release|Mixed Platforms.Build.0 = Release|Win32
		{735CF65C-827C-4A78-8448-184C7FDDF115}.Release|Win32.ActiveCfg = Release|Win32
		{735CF65C-827C-4A78-8448-184C7FDDF115}.Release|Win32.Build.0 = Release|Win32
		{735CF65C-827C-4A78-8448-184C7FDDF115}.Release|x64.ActiveCfg = Release|Win32
		{735CF65C-827C-4A78-8448-184C7FDDF115}.Static-Debug|Any CPU.ActiveCfg = Debug|Win32
		{735CF65C-827C-4A78-8448-184C7FDDF115}.Static-Debug|Mixed Platforms.ActiveCfg = Debug|Win32
		{735CF65C-827C-4A78-8448-184C7FDDF115}.Static-Debug|Mixed Platforms.Build.0 = Debug|Win32
		{735CF65C-827C-4A78-8448-184C7FDDF115}.Static-Debug|Win32.ActiveCfg = Debug|Win32
		{735CF65C-827C-4A78-8448-184C7FDDF115}.Static-Debug|Win32.Build.0 = Debug|Win32
		{735CF65C-827C-4A78-8448-184C7FDDF115}.Static-Debug|x64.ActiveCfg = Debug|Win32
		{735CF65C-827C-4A78-8448-184C7FDDF115}.Static-Release|Any CPU.ActiveCfg = Release|Win32
		{735CF65C-827C-4A78-8448-184C7FDDF115}.Static-Release|Mixed Platforms.ActiveCfg = Release|Win32
		{735CF65C-827C-4A78-8448-184C7FDDF115}.Static-Release|Mixed Platforms.Build.0 = Release|Win32
		{735CF65C-827C-4A78-8448-184C7FDDF115}.Static-Release|Win32.ActiveCfg = Release|Win32
		{735CF65C-827C-4A78-8448-184C7FDDF115}.Static-Release|Win32.Build.0 = Release|Win32
		{735CF65C-827C-4A78-8448-184C7FDDF115}.Static-Release|x64.ActiveCfg = Release|Win32
	EndGlobalSection
	GlobalSection(SolutionProperties) = preSolution
		HideSolutionNode = FALSE
	EndGlobalSection
EndGlobal
